
Microsoft Visual Studio Solution File, Format Version 11.00
# Visual Studio 2010
Project("{8BC9CEB8-8B4A-11D0-8D11-00A0C91BC942}") = "MyGraphics", "MyGraphics\MyGraphics.vcxproj", "{921AF9A1-DDD2-428E-8435-9EDA9724B536}"
	ProjectSection(ProjectDependencies) = postProject
		{4B3DACDD-3573-4DFA-896A-4C2696DDE9B8} = {4B3DACDD-3573-4DFA-896A-4C2696DDE9B8}
	EndProjectSection
EndProject
Project("{8BC9CEB8-8B4A-11D0-8D11-00A0C91BC942}") = "Common", "Common\Common.vcxproj", "{4B3DACDD-3573-4DFA-896A-4C2696DDE9B8}"
EndProject
Global
	GlobalSection(SolutionConfigurationPlatforms) = preSolution
		Debug|Win32 = Debug|Win32
		Release|Win32 = Release|Win32
	EndGlobalSection
	GlobalSection(ProjectConfigurationPlatforms) = postSolution
		{921AF9A1-DDD2-428E-8435-9EDA9724B536}.Debug|Win32.ActiveCfg = Debug|Win32
		{921AF9A1-DDD2-428E-8435-9EDA9724B536}.Debug|Win32.Build.0 = Debug|Win32
		{921AF9A1-DDD2-428E-8435-9EDA9724B536}.Release|Win32.ActiveCfg = Release|Win32
		{921AF9A1-DDD2-428E-8435-9EDA9724B536}.Release|Win32.Build.0 = Release|Win32
		{4B3DACDD-3573-4DFA-896A-4C2696DDE9B8}.Debug|Win32.ActiveCfg = Debug|Win32
		{4B3DACDD-3573-4DFA-896A-4C2696DDE9B8}.Debug|Win32.Build.0 = Debug|Win32
		{4B3DACDD-3573-4DFA-896A-4C2696DDE9B8}.Release|Win32.ActiveCfg = Release|Win32
		{4B3DACDD-3573-4DFA-896A-4C2696DDE9B8}.Release|Win32.Build.0 = Release|Win32
	EndGlobalSection
	GlobalSection(SolutionProperties) = preSolution
		HideSolutionNode = FALSE
	EndGlobalSection
EndGlobal
